
Microsoft Visual Studio Solution File, Format Version 12.00
# Visual Studio Version 16
VisualStudioVersion = 16.0.30104.148
MinimumVisualStudioVersion = 10.0.40219.1
Project("{9A19103F-16F7-4668-BE54-9A1E7A4F7556}") = "IdentityServerCenter", "IdentityServerCenter\IdentityServerCenter.csproj", "{9A41E471-BC8C-4807-9256-7293F2B1838A}"
EndProject
Project("{9A19103F-16F7-4668-BE54-9A1E7A4F7556}") = "ClientCredentialsApi", "ClientCredentialsApi\ClientCredentialsApi.csproj", "{5B12E12F-4541-49ED-9FFE-2111AAEBACB0}"
EndProject
Project("{9A19103F-16F7-4668-BE54-9A1E7A4F7556}") = "IdentityServerConsole", "IdentityServerConsole\IdentityServerConsole.csproj", "{01F519AC-3D2A-4C9A-839A-3CBED9DD07D3}"
EndProject
Project("{FAE04EC0-301F-11D3-BF4B-00C04F79EFBC}") = "MvcCookieAuthSample1", "MvcCookieAuthSample1\MvcCookieAuthSample1.csproj", "{6308F514-F6B8-4F0C-A494-3CF1CC686D3F}"
EndProject
Project("{FAE04EC0-301F-11D3-BF4B-00C04F79EFBC}") = "MvcCookieAuthDemo", "MvcCookieAuthDemo\MvcCookieAuthDemo.csproj", "{4740BDCA-8274-4A37-A8A7-CB21C4D7B530}"
EndProject
Global
	GlobalSection(SolutionConfigurationPlatforms) = preSolution
		Debug|Any CPU = Debug|Any CPU
		Release|Any CPU = Release|Any CPU
	EndGlobalSection
	GlobalSection(ProjectConfigurationPlatforms) = postSolution
		{9A41E471-BC8C-4807-9256-7293F2B1838A}.Debug|Any CPU.ActiveCfg = Debug|Any CPU
		{9A41E471-BC8C-4807-9256-7293F2B1838A}.Debug|Any CPU.Build.0 = Debug|Any CPU
		{9A41E471-BC8C-4807-9256-7293F2B1838A}.Release|Any CPU.ActiveCfg = Release|Any CPU
		{9A41E471-BC8C-4807-9256-7293F2B1838A}.Release|Any CPU.Build.0 = Release|Any CPU
		{5B12E12F-4541-49ED-9FFE-2111AAEBACB0}.Debug|Any CPU.ActiveCfg = Debug|Any CPU
		{5B12E12F-4541-49ED-9FFE-2111AAEBACB0}.Debug|Any CPU.Build.0 = Debug|Any CPU
		{5B12E12F-4541-49ED-9FFE-2111AAEBACB0}.Release|Any CPU.ActiveCfg = Release|Any CPU
		{5B12E12F-4541-49ED-9FFE-2111AAEBACB0}.Release|Any CPU.Build.0 = Release|Any CPU
		{01F519AC-3D2A-4C9A-839A-3CBED9DD07D3}.Debug|Any CPU.ActiveCfg = Debug|Any CPU
		{01F519AC-3D2A-4C9A-839A-3CBED9DD07D3}.Debug|Any CPU.Build.0 = Debug|Any CPU
		{01F519AC-3D2A-4C9A-839A-3CBED9DD07D3}.Release|Any CPU.ActiveCfg = Release|Any CPU
		{01F519AC-3D2A-4C9A-839A-3CBED9DD07D3}.Release|Any CPU.Build.0 = Release|Any CPU
		{6308F514-F6B8-4F0C-A494-3CF1CC686D3F}.Debug|Any CPU.ActiveCfg = Debug|Any CPU
		{6308F514-F6B8-4F0C-A494-3CF1CC686D3F}.Debug|Any CPU.Build.0 = Debug|Any CPU
		{6308F514-F6B8-4F0C-A494-3CF1CC686D3F}.Release|Any CPU.ActiveCfg = Release|Any CPU
		{6308F514-F6B8-4F0C-A494-3CF1CC686D3F}.Release|Any CPU.Build.0 = Release|Any CPU
		{4740BDCA-8274-4A37-A8A7-CB21C4D7B530}.Debug|Any CPU.ActiveCfg = Debug|Any CPU
		{4740BDCA-8274-4A37-A8A7-CB21C4D7B530}.Debug|Any CPU.Build.0 = Debug|Any CPU
		{4740BDCA-8274-4A37-A8A7-CB21C4D7B530}.Release|Any CPU.ActiveCfg = Release|Any CPU
		{4740BDCA-8274-4A37-A8A7-CB21C4D7B530}.Release|Any CPU.Build.0 = Release|Any CPU
	EndGlobalSection
	GlobalSection(SolutionProperties) = preSolution
		HideSolutionNode = FALSE
	EndGlobalSection
	GlobalSection(ExtensibilityGlobals) = postSolution
		SolutionGuid = {01B3D9EB-03D2-4519-A705-F78C5393FDBA}
	EndGlobalSection
EndGlobal
